
Microsoft Visual Studio Solution File, Format Version 12.00
# Visual Studio Version 17
VisualStudioVersion = 17.5.33627.172
MinimumVisualStudioVersion = 10.0.40219.1
Project("{FAE04EC0-301F-11D3-BF4B-00C04F79EFBC}") = "Lab07_Ej04", "Lab07_Ej04\Lab07_Ej04.csproj", "{31362DA2-B05F-4D13-A959-EB791036D6C2}"
EndProject
Global
	GlobalSection(SolutionConfigurationPlatforms) = preSolution
		Debug|Any CPU = Debug|Any CPU
		Release|Any CPU = Release|Any CPU
	EndGlobalSection
	GlobalSection(ProjectConfigurationPlatforms) = postSolution
		{31362DA2-B05F-4D13-A959-EB791036D6C2}.Debug|Any CPU.ActiveCfg = Debug|Any CPU
		{31362DA2-B05F-4D13-A959-EB791036D6C2}.Debug|Any CPU.Build.0 = Debug|Any CPU
		{31362DA2-B05F-4D13-A959-EB791036D6C2}.Release|Any CPU.ActiveCfg = Release|Any CPU
		{31362DA2-B05F-4D13-A959-EB791036D6C2}.Release|Any CPU.Build.0 = Release|Any CPU
	EndGlobalSection
	GlobalSection(SolutionProperties) = preSolution
		HideSolutionNode = FALSE
	EndGlobalSection
	GlobalSection(ExtensibilityGlobals) = postSolution
		SolutionGuid = {E65D6819-0E10-4884-907F-034C4CE14ADA}
	EndGlobalSection
EndGlobal
